
Microsoft Visual Studio Solution File, Format Version 12.00
# Visual Studio Version 16
VisualStudioVersion = 16.0.31424.327
MinimumVisualStudioVersion = 10.0.40219.1
Project("{2150E333-8FDC-42A3-9474-1A3956D46DE8}") = "FrontEnd", "FrontEnd", "{9FA0BE3E-9292-41F1-8FBF-72AE77F81B5A}"
EndProject
Project("{9A19103F-16F7-4668-BE54-9A1E7A4F7556}") = "Mango.Web", "Mango.Web\Mango.Web.csproj", "{E5B2662F-5E9A-4301-A6B4-9C9BDCCE9E50}"
EndProject
Project("{2150E333-8FDC-42A3-9474-1A3956D46DE8}") = "Services", "Services", "{E4917062-8977-4743-945C-DC3ECFDF3AE7}"
EndProject
Project("{9A19103F-16F7-4668-BE54-9A1E7A4F7556}") = "Mango.Services.ProductAPI", "Mango.Services.ProductAPI\Mango.Services.ProductAPI.csproj", "{6A959287-BE71-4925-973E-56BCA255953D}"
EndProject
Global
	GlobalSection(SolutionConfigurationPlatforms) = preSolution
		Debug|Any CPU = Debug|Any CPU
		Release|Any CPU = Release|Any CPU
	EndGlobalSection
	GlobalSection(ProjectConfigurationPlatforms) = postSolution
		{E5B2662F-5E9A-4301-A6B4-9C9BDCCE9E50}.Debug|Any CPU.ActiveCfg = Debug|Any CPU
		{E5B2662F-5E9A-4301-A6B4-9C9BDCCE9E50}.Debug|Any CPU.Build.0 = Debug|Any CPU
		{E5B2662F-5E9A-4301-A6B4-9C9BDCCE9E50}.Release|Any CPU.ActiveCfg = Release|Any CPU
		{E5B2662F-5E9A-4301-A6B4-9C9BDCCE9E50}.Release|Any CPU.Build.0 = Release|Any CPU
		{6A959287-BE71-4925-973E-56BCA255953D}.Debug|Any CPU.ActiveCfg = Debug|Any CPU
		{6A959287-BE71-4925-973E-56BCA255953D}.Debug|Any CPU.Build.0 = Debug|Any CPU
		{6A959287-BE71-4925-973E-56BCA255953D}.Release|Any CPU.ActiveCfg = Release|Any CPU
		{6A959287-BE71-4925-973E-56BCA255953D}.Release|Any CPU.Build.0 = Release|Any CPU
	EndGlobalSection
	GlobalSection(SolutionProperties) = preSolution
		HideSolutionNode = FALSE
	EndGlobalSection
	GlobalSection(NestedProjects) = preSolution
		{E5B2662F-5E9A-4301-A6B4-9C9BDCCE9E50} = {9FA0BE3E-9292-41F1-8FBF-72AE77F81B5A}
		{6A959287-BE71-4925-973E-56BCA255953D} = {E4917062-8977-4743-945C-DC3ECFDF3AE7}
	EndGlobalSection
	GlobalSection(ExtensibilityGlobals) = postSolution
		SolutionGuid = {BEC9D727-ABC1-4087-ADD1-DA1814D6BCCE}
	EndGlobalSection
EndGlobal
